
Microsoft Visual Studio Solution File, Format Version 12.00
# Visual Studio Version 17
VisualStudioVersion = 17.10.35122.118
MinimumVisualStudioVersion = 10.0.40219.1
Project("{9A19103F-16F7-4668-BE54-9A1E7A4F7556}") = "AluguelMotos.Api", "AluguelMotos.Api\AluguelMotos.Api.csproj", "{A7AFCAB1-8DB5-409A-A3C1-406626EA37F9}"
EndProject
Project("{E53339B2-1760-4266-BCC7-CA923CBCF16C}") = "docker-compose", "docker-compose.dcproj", "{A240C694-9351-4CB5-A0C2-5E2AF2B90009}"
EndProject
Project("{9A19103F-16F7-4668-BE54-9A1E7A4F7556}") = "AluguelMotos.Domain", "AluguelMotos.Domain\AluguelMotos.Domain.csproj", "{487FC629-E575-4D8D-8A7A-0DC7004D4A76}"
EndProject
Project("{9A19103F-16F7-4668-BE54-9A1E7A4F7556}") = "AluguelMotos.Infrastructure", "AluguelMotos.Infrastructure\AluguelMotos.Infrastructure.csproj", "{8FB784D5-E8BE-40D3-B44A-74DCAB335588}"
EndProject
Global
	GlobalSection(SolutionConfigurationPlatforms) = preSolution
		Debug|Any CPU = Debug|Any CPU
		Release|Any CPU = Release|Any CPU
	EndGlobalSection
	GlobalSection(ProjectConfigurationPlatforms) = postSolution
		{A7AFCAB1-8DB5-409A-A3C1-406626EA37F9}.Debug|Any CPU.ActiveCfg = Debug|Any CPU
		{A7AFCAB1-8DB5-409A-A3C1-406626EA37F9}.Debug|Any CPU.Build.0 = Debug|Any CPU
		{A7AFCAB1-8DB5-409A-A3C1-406626EA37F9}.Release|Any CPU.ActiveCfg = Release|Any CPU
		{A7AFCAB1-8DB5-409A-A3C1-406626EA37F9}.Release|Any CPU.Build.0 = Release|Any CPU
		{A240C694-9351-4CB5-A0C2-5E2AF2B90009}.Debug|Any CPU.ActiveCfg = Debug|Any CPU
		{A240C694-9351-4CB5-A0C2-5E2AF2B90009}.Debug|Any CPU.Build.0 = Debug|Any CPU
		{A240C694-9351-4CB5-A0C2-5E2AF2B90009}.Release|Any CPU.ActiveCfg = Release|Any CPU
		{A240C694-9351-4CB5-A0C2-5E2AF2B90009}.Release|Any CPU.Build.0 = Release|Any CPU
		{487FC629-E575-4D8D-8A7A-0DC7004D4A76}.Debug|Any CPU.ActiveCfg = Debug|Any CPU
		{487FC629-E575-4D8D-8A7A-0DC7004D4A76}.Debug|Any CPU.Build.0 = Debug|Any CPU
		{487FC629-E575-4D8D-8A7A-0DC7004D4A76}.Release|Any CPU.ActiveCfg = Release|Any CPU
		{487FC629-E575-4D8D-8A7A-0DC7004D4A76}.Release|Any CPU.Build.0 = Release|Any CPU
		{8FB784D5-E8BE-40D3-B44A-74DCAB335588}.Debug|Any CPU.ActiveCfg = Debug|Any CPU
		{8FB784D5-E8BE-40D3-B44A-74DCAB335588}.Debug|Any CPU.Build.0 = Debug|Any CPU
		{8FB784D5-E8BE-40D3-B44A-74DCAB335588}.Release|Any CPU.ActiveCfg = Release|Any CPU
		{8FB784D5-E8BE-40D3-B44A-74DCAB335588}.Release|Any CPU.Build.0 = Release|Any CPU
	EndGlobalSection
	GlobalSection(SolutionProperties) = preSolution
		HideSolutionNode = FALSE
	EndGlobalSection
	GlobalSection(ExtensibilityGlobals) = postSolution
		SolutionGuid = {760AD9C0-6852-4F24-99BC-EF66334617B0}
	EndGlobalSection
EndGlobal
